{
  "name": "disforge.js",
  "version": "0.1.0",
  "lockfileVersion": 2,
  "requires": true,
  "packages": {
    "": {
      "name": "disforge.js",
      "version": "0.1.0",
      "license": "MIT",
      "dependencies": {
        "wumpfetch": "^0.3.1"
      }
    },
    "node_modules/wumpfetch": {
      "version": "0.3.1",
      "resolved": "https://registry.npmjs.org/wumpfetch/-/wumpfetch-0.3.1.tgz",
      "integrity": "sha512-KbvB4asL0z/Uh1eavIXjhdo6rFudT5WtEudNfK3z9KGbvBE0JvGqRntRRjtKPOW1lEh85kcKzIOmRo8KHU5myQ=="
    }
  },
  "dependencies": {
    "wumpfetch": {
      "version": "0.3.1",
      "resolved": "https://registry.npmjs.org/wumpfetch/-/wumpfetch-0.3.1.tgz",
      "integrity": "sha512-KbvB4asL0z/Uh1eavIXjhdo6rFudT5WtEudNfK3z9KGbvBE0JvGqRntRRjtKPOW1lEh85kcKzIOmRo8KHU5myQ=="
    }
  }
}
